// !$*UTF8*$!
{
	archiveVersion = 1;
	classes = {
	};
	objectVersion = 77;
	objects = {

/* Begin PBXBuildFile section */
		CF0600000000000000000001 /* IslandStore.swift in Sources */ = {isa = PBXBuildFile; fileRef = CF0600000000000000000002 /* IslandStore.swift */; };
		CF0600000000000000000003 /* ClipboardCommands.swift in Sources */ = {isa = PBXBuildFile; fileRef = CF0600000000000000000004 /* ClipboardCommands.swift */; };
		CECE00000000000000000001 /* OmniASR.swift in Sources */ = {isa = PBXBuildFile; fileRef = CECE00000000000000000002 /* OmniASR.swift */; };
		CF0500000000000000000001 /* HotKeyRecorder.swift in Sources */ = {isa = PBXBuildFile; fileRef = CF0500000000000000000002 /* HotKeyRecorder.swift */; };
		CF05AA042A7D4E10B1B40101 /* MenuBarDisplay.swift in Sources */ = {isa = PBXBuildFile; fileRef = CF05AA042A7D4E10B1B40102 /* MenuBarDisplay.swift */; };
		BBBB00000000000000000247 /* OnboardingProgress.swift in Sources */ = {isa = PBXBuildFile; fileRef = BBBB00000000000000000147 /* OnboardingProgress.swift */; };
		BBBB00000000000000000246 /* AzaStyle.swift in Sources */ = {isa = PBXBuildFile; fileRef = BBBB00000000000000000146 /* AzaStyle.swift */; };
		BBBB00000000000000000245 /* PasteboardMonitor.swift in Sources */ = {isa = PBXBuildFile; fileRef = BBBB00000000000000000145 /* PasteboardMonitor.swift */; };
		ABCD0001000000000000F001 /* WhisperKit in Frameworks */ = {isa = PBXBuildFile; productRef = ABCD0003000000000000F003 /* WhisperKit */; };
		ABCD0004000000000000F004 /* Adhan in Frameworks */ = {isa = PBXBuildFile; productRef = ABCD0006000000000000F006 /* Adhan */; };
		BBBB00000000000000000201 /* Aza/Core/ClipboardStore.swift in Sources */ = {isa = PBXBuildFile; fileRef = BBBB00000000000000000101 /* Aza/Core/ClipboardStore.swift */; };
		BBBB00000000000000000202 /* Aza/Core/ChechenLexicon.swift in Sources */ = {isa = PBXBuildFile; fileRef = BBBB00000000000000000102 /* Aza/Core/ChechenLexicon.swift */; };
		BBBB00000000000000000203 /* Aza/Core/ChechenAutocorrect.swift in Sources */ = {isa = PBXBuildFile; fileRef = BBBB00000000000000000103 /* Aza/Core/ChechenAutocorrect.swift */; };
		BBBB00000000000000000204 /* Aza/Core/KeyboardLayoutMap.swift in Sources */ = {isa = PBXBuildFile; fileRef = BBBB00000000000000000104 /* Aza/Core/KeyboardLayoutMap.swift */; };
		BBBB00000000000000000205 /* Aza/Core/UserWordLists.swift in Sources */ = {isa = PBXBuildFile; fileRef = BBBB00000000000000000105 /* Aza/Core/UserWordLists.swift */; };
		BBBB0000000000000000020F /* Aza/Features/Phrases/PhraseStore.swift in Sources */ = {isa = PBXBuildFile; fileRef = BBBB0000000000000000010F /* Aza/Features/Phrases/PhraseStore.swift */; };
		BBBB00000000000000000206 /* Aza/Core/ExcludedApps.swift in Sources */ = {isa = PBXBuildFile; fileRef = BBBB00000000000000000106 /* Aza/Core/ExcludedApps.swift */; };
		BBBB00000000000000000207 /* Aza/Core/TextInsertion.swift in Sources */ = {isa = PBXBuildFile; fileRef = BBBB00000000000000000107 /* Aza/Core/TextInsertion.swift */; };
		BBBB00000000000000000208 /* Aza/Features/Layout/LayoutCorrectionEngine.swift in Sources */ = {isa = PBXBuildFile; fileRef = BBBB00000000000000000108 /* Aza/Features/Layout/LayoutCorrectionEngine.swift */; };
		BBBB00000000000000000209 /* Aza/Features/Island/PrayerSchedule.swift in Sources */ = {isa = PBXBuildFile; fileRef = BBBB00000000000000000109 /* Aza/Features/Island/PrayerSchedule.swift */; };
		BBBB0000000000000000020A /* Aza/Features/Prayer/PrayerProvider.swift in Sources */ = {isa = PBXBuildFile; fileRef = BBBB0000000000000000010A /* Aza/Features/Prayer/PrayerProvider.swift */; };
		BBBB0000000000000000020B /* Aza/Features/Prayer/PrayerNotifications.swift in Sources */ = {isa = PBXBuildFile; fileRef = BBBB0000000000000000010B /* Aza/Features/Prayer/PrayerNotifications.swift */; };
		BBBB0000000000000000020C /* Aza/Features/Prayer/PrayerStore.swift in Sources */ = {isa = PBXBuildFile; fileRef = BBBB0000000000000000010C /* Aza/Features/Prayer/PrayerStore.swift */; };
		BBBB0000000000000000020D /* Aza/Core/PasteboardCategories.swift in Sources */ = {isa = PBXBuildFile; fileRef = BBBB0000000000000000010D /* Aza/Core/PasteboardCategories.swift */; };
		BBBB0000000000000000020E /* Aza/Features/Dictation/DictationFilters.swift in Sources */ = {isa = PBXBuildFile; fileRef = BBBB0000000000000000010E /* Aza/Features/Dictation/DictationFilters.swift */; };
		BBBB00000000000000000210 /* Aza/Resources/chechen-lexicon.tsv in Resources */ = {isa = PBXBuildFile; fileRef = BBBB00000000000000000110 /* Aza/Resources/chechen-lexicon.tsv */; };
		BBBB00000000000000000211 /* Aza/Resources/prayer-schedules-2026.json in Resources */ = {isa = PBXBuildFile; fileRef = BBBB00000000000000000111 /* Aza/Resources/prayer-schedules-2026.json */; };
		BBBB00000000000000000213 /* Aza/Resources/tone-chime.caf in Resources */ = {isa = PBXBuildFile; fileRef = BBBB00000000000000000113 /* Aza/Resources/tone-chime.caf */; };
		BBBB00000000000000000214 /* Aza/Resources/tone-twotone.caf in Resources */ = {isa = PBXBuildFile; fileRef = BBBB00000000000000000114 /* Aza/Resources/tone-twotone.caf */; };
		BBBB00000000000000000215 /* Aza/Resources/tone-warm.caf in Resources */ = {isa = PBXBuildFile; fileRef = BBBB00000000000000000115 /* Aza/Resources/tone-warm.caf */; };
		BBBB00000000000000000241 /* Aza/Core/SecureFieldDetector.swift in Sources */ = {isa = PBXBuildFile; fileRef = BBBB00000000000000000141 /* Aza/Core/SecureFieldDetector.swift */; };
		BBBB00000000000000000221 /* Aza/Resources/adhan-1.caf in Resources */ = {isa = PBXBuildFile; fileRef = BBBB00000000000000000121 /* Aza/Resources/adhan-1.caf */; };
		BBBB00000000000000000222 /* Aza/Resources/adhan-2.caf in Resources */ = {isa = PBXBuildFile; fileRef = BBBB00000000000000000122 /* Aza/Resources/adhan-2.caf */; };
		BBBB00000000000000000223 /* Aza/Resources/adhan-3.caf in Resources */ = {isa = PBXBuildFile; fileRef = BBBB00000000000000000123 /* Aza/Resources/adhan-3.caf */; };
		BBBB00000000000000000224 /* Aza/Resources/adhan-4.caf in Resources */ = {isa = PBXBuildFile; fileRef = BBBB00000000000000000124 /* Aza/Resources/adhan-4.caf */; };
		BBBB00000000000000000302 /* Adhan in Frameworks */ = {isa = PBXBuildFile; productRef = BBBB00000000000000000301 /* Adhan */; };
		BBBB00000000000000000242 /* Aza/Features/Layout/WordMonitor.swift in Sources */ = {isa = PBXBuildFile; fileRef = BBBB00000000000000000142 /* Aza/Features/Layout/WordMonitor.swift */; };
		BBBB00000000000000000243 /* Aza/Features/HotKeys/HotKeyBinding.swift in Sources */ = {isa = PBXBuildFile; fileRef = BBBB00000000000000000143 /* Aza/Features/HotKeys/HotKeyBinding.swift */; };
		BBBB00000000000000000244 /* Aza/Features/HotKeys/HotKeyController.swift in Sources */ = {isa = PBXBuildFile; fileRef = BBBB00000000000000000144 /* Aza/Features/HotKeys/HotKeyController.swift */; };
		BBBB00000000000000000248 /* CityLocator.swift in Sources */ = {isa = PBXBuildFile; fileRef = BBBB00000000000000000148 /* CityLocator.swift */; };
		BBBB00000000000000000249 /* DictationController.swift in Sources */ = {isa = PBXBuildFile; fileRef = BBBB00000000000000000149 /* DictationController.swift */; };
		BBBB0000000000000000024A /* LatchStopKeys.swift in Sources */ = {isa = PBXBuildFile; fileRef = BBBB0000000000000000014A /* LatchStopKeys.swift */; };
		BBBB0000000000000000024B /* MacCapabilities.swift in Sources */ = {isa = PBXBuildFile; fileRef = BBBB0000000000000000014B /* MacCapabilities.swift */; };
		BBBB0000000000000000024C /* PrivacyCleanup.swift in Sources */ = {isa = PBXBuildFile; fileRef = BBBB0000000000000000014C /* PrivacyCleanup.swift */; };
		BBBB00000000000000000303 /* WhisperKit in Frameworks */ = {isa = PBXBuildFile; productRef = ABCD0003000000000000F003 /* WhisperKit */; };
/* End PBXBuildFile section */

/* Begin PBXContainerItemProxy section */
		BBBB0000000000000000000A /* PBXContainerItemProxy */ = {
			isa = PBXContainerItemProxy;
			containerPortal = 2B33910A303C94CF00B76555 /* Project object */;
			proxyType = 1;
			remoteGlobalIDString = 2B339111303C94CF00B76555;
			remoteInfo = Aza;
		};
/* End PBXContainerItemProxy section */

/* Begin PBXFileReference section */
		CF0600000000000000000002 /* IslandStore.swift */ = {isa = PBXFileReference; lastKnownFileType = sourcecode.swift; path = Aza/Features/Island/IslandStore.swift; sourceTree = SOURCE_ROOT; };
		CF0600000000000000000004 /* ClipboardCommands.swift */ = {isa = PBXFileReference; lastKnownFileType = sourcecode.swift; path = Aza/Core/ClipboardCommands.swift; sourceTree = SOURCE_ROOT; };
		CECE00000000000000000002 /* OmniASR.swift */ = {isa = PBXFileReference; lastKnownFileType = sourcecode.swift; path = Aza/Features/Dictation/OmniASR.swift; sourceTree = SOURCE_ROOT; };
		CF0500000000000000000002 /* HotKeyRecorder.swift */ = {isa = PBXFileReference; lastKnownFileType = sourcecode.swift; path = Aza/Features/HotKeys/HotKeyRecorder.swift; sourceTree = SOURCE_ROOT; };
		CF05AA042A7D4E10B1B40102 /* MenuBarDisplay.swift */ = {isa = PBXFileReference; lastKnownFileType = sourcecode.swift; path = Aza/Features/Prayer/MenuBarDisplay.swift; sourceTree = SOURCE_ROOT; };
		BBBB00000000000000000147 /* OnboardingProgress.swift */ = {isa = PBXFileReference; lastKnownFileType = sourcecode.swift; path = Aza/Features/Onboarding/OnboardingProgress.swift; sourceTree = SOURCE_ROOT; };
		BBBB00000000000000000146 /* AzaStyle.swift */ = {isa = PBXFileReference; lastKnownFileType = sourcecode.swift; path = Aza/Features/Design/AzaStyle.swift; sourceTree = SOURCE_ROOT; };
		BBBB00000000000000000145 /* PasteboardMonitor.swift */ = {isa = PBXFileReference; lastKnownFileType = sourcecode.swift; path = Aza/Core/PasteboardMonitor.swift; sourceTree = SOURCE_ROOT; };
		2B339112303C94CF00B76555 /* Aza.app */ = {isa = PBXFileReference; explicitFileType = wrapper.application; includeInIndex = 0; path = Aza.app; sourceTree = BUILT_PRODUCTS_DIR; };
		BBBB00000000000000000001 /* AzaTests.xctest */ = {isa = PBXFileReference; explicitFileType = wrapper.cfbundle; includeInIndex = 0; path = AzaTests.xctest; sourceTree = BUILT_PRODUCTS_DIR; };
		BBBB00000000000000000101 /* Aza/Core/ClipboardStore.swift */ = {isa = PBXFileReference; lastKnownFileType = sourcecode.swift; path = Aza/Core/ClipboardStore.swift; sourceTree = SOURCE_ROOT; };
		BBBB00000000000000000102 /* Aza/Core/ChechenLexicon.swift */ = {isa = PBXFileReference; lastKnownFileType = sourcecode.swift; path = Aza/Core/ChechenLexicon.swift; sourceTree = SOURCE_ROOT; };
		BBBB00000000000000000103 /* Aza/Core/ChechenAutocorrect.swift */ = {isa = PBXFileReference; lastKnownFileType = sourcecode.swift; path = Aza/Core/ChechenAutocorrect.swift; sourceTree = SOURCE_ROOT; };
		BBBB00000000000000000104 /* Aza/Core/KeyboardLayoutMap.swift */ = {isa = PBXFileReference; lastKnownFileType = sourcecode.swift; path = Aza/Core/KeyboardLayoutMap.swift; sourceTree = SOURCE_ROOT; };
		BBBB00000000000000000105 /* Aza/Core/UserWordLists.swift */ = {isa = PBXFileReference; lastKnownFileType = sourcecode.swift; path = Aza/Core/UserWordLists.swift; sourceTree = SOURCE_ROOT; };
		BBBB0000000000000000010F /* Aza/Features/Phrases/PhraseStore.swift */ = {isa = PBXFileReference; lastKnownFileType = sourcecode.swift; path = Aza/Features/Phrases/PhraseStore.swift; sourceTree = SOURCE_ROOT; };
		BBBB00000000000000000106 /* Aza/Core/ExcludedApps.swift */ = {isa = PBXFileReference; lastKnownFileType = sourcecode.swift; path = Aza/Core/ExcludedApps.swift; sourceTree = SOURCE_ROOT; };
		BBBB00000000000000000107 /* Aza/Core/TextInsertion.swift */ = {isa = PBXFileReference; lastKnownFileType = sourcecode.swift; path = Aza/Core/TextInsertion.swift; sourceTree = SOURCE_ROOT; };
		BBBB00000000000000000108 /* Aza/Features/Layout/LayoutCorrectionEngine.swift */ = {isa = PBXFileReference; lastKnownFileType = sourcecode.swift; path = Aza/Features/Layout/LayoutCorrectionEngine.swift; sourceTree = SOURCE_ROOT; };
		BBBB00000000000000000109 /* Aza/Features/Island/PrayerSchedule.swift */ = {isa = PBXFileReference; lastKnownFileType = sourcecode.swift; path = Aza/Features/Island/PrayerSchedule.swift; sourceTree = SOURCE_ROOT; };
		BBBB0000000000000000010A /* Aza/Features/Prayer/PrayerProvider.swift */ = {isa = PBXFileReference; lastKnownFileType = sourcecode.swift; path = Aza/Features/Prayer/PrayerProvider.swift; sourceTree = SOURCE_ROOT; };
		BBBB0000000000000000010B /* Aza/Features/Prayer/PrayerNotifications.swift */ = {isa = PBXFileReference; lastKnownFileType = sourcecode.swift; path = Aza/Features/Prayer/PrayerNotifications.swift; sourceTree = SOURCE_ROOT; };
		BBBB0000000000000000010C /* Aza/Features/Prayer/PrayerStore.swift */ = {isa = PBXFileReference; lastKnownFileType = sourcecode.swift; path = Aza/Features/Prayer/PrayerStore.swift; sourceTree = SOURCE_ROOT; };
		BBBB0000000000000000010D /* Aza/Core/PasteboardCategories.swift */ = {isa = PBXFileReference; lastKnownFileType = sourcecode.swift; path = Aza/Core/PasteboardCategories.swift; sourceTree = SOURCE_ROOT; };
		BBBB0000000000000000010E /* Aza/Features/Dictation/DictationFilters.swift */ = {isa = PBXFileReference; lastKnownFileType = sourcecode.swift; path = Aza/Features/Dictation/DictationFilters.swift; sourceTree = SOURCE_ROOT; };
		BBBB00000000000000000110 /* Aza/Resources/chechen-lexicon.tsv */ = {isa = PBXFileReference; lastKnownFileType = text; path = "Aza/Resources/chechen-lexicon.tsv"; sourceTree = SOURCE_ROOT; };
		BBBB00000000000000000111 /* Aza/Resources/prayer-schedules-2026.json */ = {isa = PBXFileReference; lastKnownFileType = text.json; path = "Aza/Resources/prayer-schedules-2026.json"; sourceTree = SOURCE_ROOT; };
		BBBB00000000000000000131 /* Aza/Aza.entitlements */ = {isa = PBXFileReference; lastKnownFileType = text.plist.entitlements; path = "Aza/Aza.entitlements"; sourceTree = SOURCE_ROOT; };
		BBBB00000000000000000113 /* Aza/Resources/tone-chime.caf */ = {isa = PBXFileReference; lastKnownFileType = file; path = "Aza/Resources/tone-chime.caf"; sourceTree = SOURCE_ROOT; };
		BBBB00000000000000000114 /* Aza/Resources/tone-twotone.caf */ = {isa = PBXFileReference; lastKnownFileType = file; path = "Aza/Resources/tone-twotone.caf"; sourceTree = SOURCE_ROOT; };
		BBBB00000000000000000115 /* Aza/Resources/tone-warm.caf */ = {isa = PBXFileReference; lastKnownFileType = file; path = "Aza/Resources/tone-warm.caf"; sourceTree = SOURCE_ROOT; };
		BBBB00000000000000000141 /* Aza/Core/SecureFieldDetector.swift */ = {isa = PBXFileReference; lastKnownFileType = sourcecode.swift; path = Aza/Core/SecureFieldDetector.swift; sourceTree = SOURCE_ROOT; };
		BBBB00000000000000000121 /* Aza/Resources/adhan-1.caf */ = {isa = PBXFileReference; lastKnownFileType = file; path = "Aza/Resources/adhan-1.caf"; sourceTree = SOURCE_ROOT; };
		BBBB00000000000000000122 /* Aza/Resources/adhan-2.caf */ = {isa = PBXFileReference; lastKnownFileType = file; path = "Aza/Resources/adhan-2.caf"; sourceTree = SOURCE_ROOT; };
		BBBB00000000000000000123 /* Aza/Resources/adhan-3.caf */ = {isa = PBXFileReference; lastKnownFileType = file; path = "Aza/Resources/adhan-3.caf"; sourceTree = SOURCE_ROOT; };
		BBBB00000000000000000124 /* Aza/Resources/adhan-4.caf */ = {isa = PBXFileReference; lastKnownFileType = file; path = "Aza/Resources/adhan-4.caf"; sourceTree = SOURCE_ROOT; };
		BBBB00000000000000000142 /* Aza/Features/Layout/WordMonitor.swift */ = {isa = PBXFileReference; lastKnownFileType = sourcecode.swift; path = Aza/Features/Layout/WordMonitor.swift; sourceTree = SOURCE_ROOT; };
		BBBB00000000000000000143 /* Aza/Features/HotKeys/HotKeyBinding.swift */ = {isa = PBXFileReference; lastKnownFileType = sourcecode.swift; path = Aza/Features/HotKeys/HotKeyBinding.swift; sourceTree = SOURCE_ROOT; };
		BBBB00000000000000000144 /* Aza/Features/HotKeys/HotKeyController.swift */ = {isa = PBXFileReference; lastKnownFileType = sourcecode.swift; path = Aza/Features/HotKeys/HotKeyController.swift; sourceTree = SOURCE_ROOT; };
		BBBB00000000000000000148 /* CityLocator.swift */ = {isa = PBXFileReference; lastKnownFileType = sourcecode.swift; path = Aza/Features/Prayer/CityLocator.swift; sourceTree = SOURCE_ROOT; };
		BBBB00000000000000000149 /* DictationController.swift */ = {isa = PBXFileReference; lastKnownFileType = sourcecode.swift; path = Aza/Features/Dictation/DictationController.swift; sourceTree = SOURCE_ROOT; };
		BBBB0000000000000000014A /* LatchStopKeys.swift */ = {isa = PBXFileReference; lastKnownFileType = sourcecode.swift; path = Aza/Features/Dictation/LatchStopKeys.swift; sourceTree = SOURCE_ROOT; };
		BBBB0000000000000000014B /* MacCapabilities.swift */ = {isa = PBXFileReference; lastKnownFileType = sourcecode.swift; path = Aza/Features/Dictation/MacCapabilities.swift; sourceTree = SOURCE_ROOT; };
		BBBB0000000000000000014C /* PrivacyCleanup.swift */ = {isa = PBXFileReference; lastKnownFileType = sourcecode.swift; path = Aza/Core/PrivacyCleanup.swift; sourceTree = SOURCE_ROOT; };
/* End PBXFileReference section */

/* Begin PBXFileSystemSynchronizedRootGroup section */
		2B339114303C94CF00B76555 /* Aza */ = {
			isa = PBXFileSystemSynchronizedRootGroup;
			path = Aza;
			sourceTree = "<group>";
		};
		BBBB00000000000000000002 /* AzaTests */ = {
			isa = PBXFileSystemSynchronizedRootGroup;
			path = AzaTests;
			sourceTree = "<group>";
		};
/* End PBXFileSystemSynchronizedRootGroup section */

/* Begin PBXFrameworksBuildPhase section */
		2B33910F303C94CF00B76555 /* Frameworks */ = {
			isa = PBXFrameworksBuildPhase;
			buildActionMask = 2147483647;
			files = (
				ABCD0001000000000000F001 /* WhisperKit in Frameworks */,
				ABCD0004000000000000F004 /* Adhan in Frameworks */,
			);
			runOnlyForDeploymentPostprocessing = 0;
		};
		BBBB00000000000000000004 /* Frameworks */ = {
			isa = PBXFrameworksBuildPhase;
			buildActionMask = 2147483647;
			files = (
				BBBB00000000000000000302 /* Adhan in Frameworks */,
				BBBB00000000000000000303 /* WhisperKit in Frameworks */,
			);
			runOnlyForDeploymentPostprocessing = 0;
		};
/* End PBXFrameworksBuildPhase section */

/* Begin PBXGroup section */
		2B339109303C94CF00B76555 = {
			isa = PBXGroup;
			children = (
				2B339114303C94CF00B76555 /* Aza */,
				BBBB00000000000000000002 /* AzaTests */,
				BBBB0000000000000000000C /* Tested Production Sources */,
				2B339113303C94CF00B76555 /* Products */,
			);
			sourceTree = "<group>";
		};
		2B339113303C94CF00B76555 /* Products */ = {
			isa = PBXGroup;
			children = (
				2B339112303C94CF00B76555 /* Aza.app */,
				BBBB00000000000000000001 /* AzaTests.xctest */,
			);
			name = Products;
			sourceTree = "<group>";
		};
		BBBB0000000000000000000C /* Tested Production Sources */ = {
			isa = PBXGroup;
			children = (
				BBBB00000000000000000101 /* Aza/Core/ClipboardStore.swift */,
				BBBB0000000000000000014C /* PrivacyCleanup.swift */,
				BBBB0000000000000000014B /* MacCapabilities.swift */,
				BBBB0000000000000000014A /* LatchStopKeys.swift */,
				BBBB00000000000000000149 /* DictationController.swift */,
				CECE00000000000000000002 /* OmniASR.swift */,
				BBBB00000000000000000148 /* CityLocator.swift */,
				BBBB00000000000000000102 /* Aza/Core/ChechenLexicon.swift */,
				BBBB00000000000000000103 /* Aza/Core/ChechenAutocorrect.swift */,
				BBBB00000000000000000104 /* Aza/Core/KeyboardLayoutMap.swift */,
				BBBB00000000000000000105 /* Aza/Core/UserWordLists.swift */,
				BBBB0000000000000000010F /* Aza/Features/Phrases/PhraseStore.swift */,
				BBBB00000000000000000106 /* Aza/Core/ExcludedApps.swift */,
				BBBB00000000000000000107 /* Aza/Core/TextInsertion.swift */,
				CF0500000000000000000002 /* HotKeyRecorder.swift */,
				CF0600000000000000000002 /* IslandStore.swift */,
				CF0600000000000000000004 /* ClipboardCommands.swift */,
				BBBB00000000000000000144 /* Aza/Features/HotKeys/HotKeyController.swift */,
				BBBB00000000000000000143 /* Aza/Features/HotKeys/HotKeyBinding.swift */,
				BBBB00000000000000000142 /* Aza/Features/Layout/WordMonitor.swift */,
				BBBB00000000000000000141 /* Aza/Core/SecureFieldDetector.swift */,
				BBBB00000000000000000108 /* Aza/Features/Layout/LayoutCorrectionEngine.swift */,
				BBBB00000000000000000109 /* Aza/Features/Island/PrayerSchedule.swift */,
				BBBB0000000000000000010A /* Aza/Features/Prayer/PrayerProvider.swift */,
				BBBB0000000000000000010B /* Aza/Features/Prayer/PrayerNotifications.swift */,
				BBBB0000000000000000010C /* Aza/Features/Prayer/PrayerStore.swift */,
				CF05AA042A7D4E10B1B40102 /* MenuBarDisplay.swift */,
				BBBB0000000000000000010D /* Aza/Core/PasteboardCategories.swift */,
				BBBB0000000000000000010E /* Aza/Features/Dictation/DictationFilters.swift */,
				BBBB00000000000000000110 /* Aza/Resources/chechen-lexicon.tsv */,
				BBBB00000000000000000111 /* Aza/Resources/prayer-schedules-2026.json */,
				BBBB00000000000000000131 /* Aza/Aza.entitlements */,
				BBBB00000000000000000121 /* Aza/Resources/adhan-1.caf */,
				BBBB00000000000000000122 /* Aza/Resources/adhan-2.caf */,
				BBBB00000000000000000123 /* Aza/Resources/adhan-3.caf */,
				BBBB00000000000000000124 /* Aza/Resources/adhan-4.caf */,
				BBBB00000000000000000113 /* Aza/Resources/tone-chime.caf */,
				BBBB00000000000000000114 /* Aza/Resources/tone-twotone.caf */,
				BBBB00000000000000000115 /* Aza/Resources/tone-warm.caf */,
			);
			name = "Tested Production Sources";
			sourceTree = "<group>";
		};
/* End PBXGroup section */

/* Begin PBXNativeTarget section */
		2B339111303C94CF00B76555 /* Aza */ = {
			isa = PBXNativeTarget;
			buildConfigurationList = 2B33911D303C94D000B76555 /* Build configuration list for PBXNativeTarget "Aza" */;
			buildPhases = (
				2B33910E303C94CF00B76555 /* Sources */,
				2B33910F303C94CF00B76555 /* Frameworks */,
				2B339110303C94CF00B76555 /* Resources */,
			);
			buildRules = (
			);
			dependencies = (
			);
			fileSystemSynchronizedGroups = (
				2B339114303C94CF00B76555 /* Aza */,
			);
			name = Aza;
			packageProductDependencies = (
				ABCD0003000000000000F003 /* WhisperKit */,
				ABCD0006000000000000F006 /* Adhan */,
			);
			productName = Aza;
			productReference = 2B339112303C94CF00B76555 /* Aza.app */;
			productType = "com.apple.product-type.application";
		};
		BBBB00000000000000000006 /* AzaTests */ = {
			isa = PBXNativeTarget;
			buildConfigurationList = BBBB00000000000000000007 /* Build configuration list for PBXNativeTarget "AzaTests" */;
			buildPhases = (
				BBBB00000000000000000003 /* Sources */,
				BBBB00000000000000000004 /* Frameworks */,
				BBBB00000000000000000005 /* Resources */,
			);
			buildRules = (
			);
			dependencies = (
				BBBB0000000000000000000B /* PBXTargetDependency */,
			);
			fileSystemSynchronizedGroups = (
				BBBB00000000000000000002 /* AzaTests */,
			);
			name = AzaTests;
			packageProductDependencies = (
				BBBB00000000000000000301 /* Adhan */,
			);
			productName = AzaTests;
			productReference = BBBB00000000000000000001 /* AzaTests.xctest */;
			productType = "com.apple.product-type.bundle.unit-test";
		};
/* End PBXNativeTarget section */

/* Begin PBXProject section */
		2B33910A303C94CF00B76555 /* Project object */ = {
			isa = PBXProject;
			attributes = {
				BuildIndependentTargetsInParallel = 1;
				LastSwiftUpdateCheck = 2660;
				LastUpgradeCheck = 2660;
				TargetAttributes = {
					2B339111303C94CF00B76555 = {
						CreatedOnToolsVersion = 26.6;
					};
					BBBB00000000000000000006 = {
						CreatedOnToolsVersion = 26.6;
					};
				};
			};
			buildConfigurationList = 2B33910D303C94CF00B76555 /* Build configuration list for PBXProject "Aza" */;
			developmentRegion = en;
			hasScannedForEncodings = 0;
			knownRegions = (
				en,
				Base,
			);
			mainGroup = 2B339109303C94CF00B76555;
			minimizedProjectReferenceProxies = 1;
			packageReferences = (
				ABCD0002000000000000F002 /* XCRemoteSwiftPackageReference "argmax-oss-swift" */,
				ABCD0005000000000000F005 /* XCRemoteSwiftPackageReference "adhan-swift" */,
			);
			preferredProjectObjectVersion = 77;
			productRefGroup = 2B339113303C94CF00B76555 /* Products */;
			projectDirPath = "";
			projectRoot = "";
			targets = (
				2B339111303C94CF00B76555 /* Aza */,
				BBBB00000000000000000006 /* AzaTests */,
			);
		};
/* End PBXProject section */

/* Begin PBXResourcesBuildPhase section */
		2B339110303C94CF00B76555 /* Resources */ = {
			isa = PBXResourcesBuildPhase;
			buildActionMask = 2147483647;
			files = (
			);
			runOnlyForDeploymentPostprocessing = 0;
		};
		BBBB00000000000000000005 /* Resources */ = {
			isa = PBXResourcesBuildPhase;
			buildActionMask = 2147483647;
			files = (
				BBBB00000000000000000210 /* Aza/Resources/chechen-lexicon.tsv in Resources */,
				BBBB00000000000000000211 /* Aza/Resources/prayer-schedules-2026.json in Resources */,
				BBBB00000000000000000221 /* Aza/Resources/adhan-1.caf in Resources */,
				BBBB00000000000000000222 /* Aza/Resources/adhan-2.caf in Resources */,
				BBBB00000000000000000223 /* Aza/Resources/adhan-3.caf in Resources */,
				BBBB00000000000000000224 /* Aza/Resources/adhan-4.caf in Resources */,
				BBBB00000000000000000213 /* Aza/Resources/tone-chime.caf in Resources */,
				BBBB00000000000000000214 /* Aza/Resources/tone-twotone.caf in Resources */,
				BBBB00000000000000000215 /* Aza/Resources/tone-warm.caf in Resources */,
			);
			runOnlyForDeploymentPostprocessing = 0;
		};
/* End PBXResourcesBuildPhase section */

/* Begin PBXSourcesBuildPhase section */
		2B33910E303C94CF00B76555 /* Sources */ = {
			isa = PBXSourcesBuildPhase;
			buildActionMask = 2147483647;
			files = (
			);
			runOnlyForDeploymentPostprocessing = 0;
		};
		BBBB00000000000000000003 /* Sources */ = {
			isa = PBXSourcesBuildPhase;
			buildActionMask = 2147483647;
			files = (
				BBBB00000000000000000246 /* AzaStyle.swift in Sources */,
				BBBB00000000000000000247 /* OnboardingProgress.swift in Sources */,
				BBBB0000000000000000024C /* PrivacyCleanup.swift in Sources */,
				BBBB0000000000000000024B /* MacCapabilities.swift in Sources */,
				BBBB0000000000000000024A /* LatchStopKeys.swift in Sources */,
				BBBB00000000000000000249 /* DictationController.swift in Sources */,
				CECE00000000000000000001 /* OmniASR.swift in Sources */,
				BBBB00000000000000000248 /* CityLocator.swift in Sources */,
				BBBB00000000000000000245 /* PasteboardMonitor.swift in Sources */,
				BBBB00000000000000000201 /* Aza/Core/ClipboardStore.swift in Sources */,
				BBBB00000000000000000202 /* Aza/Core/ChechenLexicon.swift in Sources */,
				BBBB00000000000000000203 /* Aza/Core/ChechenAutocorrect.swift in Sources */,
				BBBB00000000000000000204 /* Aza/Core/KeyboardLayoutMap.swift in Sources */,
				BBBB00000000000000000205 /* Aza/Core/UserWordLists.swift in Sources */,
				BBBB00000000000000000206 /* Aza/Core/ExcludedApps.swift in Sources */,
				BBBB00000000000000000207 /* Aza/Core/TextInsertion.swift in Sources */,
				CF0500000000000000000001 /* HotKeyRecorder.swift in Sources */,
				CF0600000000000000000001 /* IslandStore.swift in Sources */,
				CF0600000000000000000003 /* ClipboardCommands.swift in Sources */,
				BBBB00000000000000000244 /* Aza/Features/HotKeys/HotKeyController.swift in Sources */,
				BBBB00000000000000000243 /* Aza/Features/HotKeys/HotKeyBinding.swift in Sources */,
				BBBB00000000000000000242 /* Aza/Features/Layout/WordMonitor.swift in Sources */,
				BBBB00000000000000000241 /* Aza/Core/SecureFieldDetector.swift in Sources */,
				BBBB00000000000000000208 /* Aza/Features/Layout/LayoutCorrectionEngine.swift in Sources */,
				BBBB00000000000000000209 /* Aza/Features/Island/PrayerSchedule.swift in Sources */,
				BBBB0000000000000000020A /* Aza/Features/Prayer/PrayerProvider.swift in Sources */,
				BBBB0000000000000000020B /* Aza/Features/Prayer/PrayerNotifications.swift in Sources */,
				BBBB0000000000000000020C /* Aza/Features/Prayer/PrayerStore.swift in Sources */,
				CF05AA042A7D4E10B1B40101 /* MenuBarDisplay.swift in Sources */,
				BBBB0000000000000000020D /* Aza/Core/PasteboardCategories.swift in Sources */,
				BBBB0000000000000000020E /* Aza/Features/Dictation/DictationFilters.swift in Sources */,
				BBBB0000000000000000020F /* Aza/Features/Phrases/PhraseStore.swift in Sources */,
			);
			runOnlyForDeploymentPostprocessing = 0;
		};
/* End PBXSourcesBuildPhase section */

/* Begin PBXTargetDependency section */
		BBBB0000000000000000000B /* PBXTargetDependency */ = {
			isa = PBXTargetDependency;
			target = 2B339111303C94CF00B76555 /* Aza */;
			targetProxy = BBBB0000000000000000000A /* PBXContainerItemProxy */;
		};
/* End PBXTargetDependency section */

/* Begin XCBuildConfiguration section */
		2B33911B303C94D000B76555 /* Debug */ = {
			isa = XCBuildConfiguration;
			buildSettings = {
				ALWAYS_SEARCH_USER_PATHS = NO;
				ASSETCATALOG_COMPILER_GENERATE_SWIFT_ASSET_SYMBOL_EXTENSIONS = YES;
				CLANG_ANALYZER_NONNULL = YES;
				CLANG_ANALYZER_NUMBER_OBJECT_CONVERSION = YES_AGGRESSIVE;
				CLANG_CXX_LANGUAGE_STANDARD = "gnu++20";
				CLANG_ENABLE_MODULES = YES;
				CLANG_ENABLE_OBJC_ARC = YES;
				CLANG_ENABLE_OBJC_WEAK = YES;
				CLANG_WARN_BLOCK_CAPTURE_AUTORELEASING = YES;
				CLANG_WARN_BOOL_CONVERSION = YES;
				CLANG_WARN_COMMA = YES;
				CLANG_WARN_CONSTANT_CONVERSION = YES;
				CLANG_WARN_DEPRECATED_OBJC_IMPLEMENTATIONS = YES;
				CLANG_WARN_DIRECT_OBJC_ISA_USAGE = YES_ERROR;
				CLANG_WARN_DOCUMENTATION_COMMENTS = YES;
				CLANG_WARN_EMPTY_BODY = YES;
				CLANG_WARN_ENUM_CONVERSION = YES;
				CLANG_WARN_INFINITE_RECURSION = YES;
				CLANG_WARN_INT_CONVERSION = YES;
				CLANG_WARN_NON_LITERAL_NULL_CONVERSION = YES;
				CLANG_WARN_OBJC_IMPLICIT_RETAIN_SELF = YES;
				CLANG_WARN_OBJC_LITERAL_CONVERSION = YES;
				CLANG_WARN_OBJC_ROOT_CLASS = YES_ERROR;
				CLANG_WARN_QUOTED_INCLUDE_IN_FRAMEWORK_HEADER = YES;
				CLANG_WARN_RANGE_LOOP_ANALYSIS = YES;
				CLANG_WARN_STRICT_PROTOTYPES = YES;
				CLANG_WARN_SUSPICIOUS_MOVE = YES;
				CLANG_WARN_UNGUARDED_AVAILABILITY = YES_AGGRESSIVE;
				CLANG_WARN_UNREACHABLE_CODE = YES;
				CLANG_WARN__DUPLICATE_METHOD_MATCH = YES;
				COPY_PHASE_STRIP = NO;
				DEBUG_INFORMATION_FORMAT = dwarf;
				ENABLE_STRICT_OBJC_MSGSEND = YES;
				ENABLE_TESTABILITY = YES;
				ENABLE_USER_SCRIPT_SANDBOXING = YES;
				GCC_C_LANGUAGE_STANDARD = gnu17;
				GCC_DYNAMIC_NO_PIC = NO;
				GCC_NO_COMMON_BLOCKS = YES;
				GCC_OPTIMIZATION_LEVEL = 0;
				GCC_PREPROCESSOR_DEFINITIONS = (
					"DEBUG=1",
					"$(inherited)",
				);
				GCC_WARN_64_TO_32_BIT_CONVERSION = YES;
				GCC_WARN_ABOUT_RETURN_TYPE = YES_ERROR;
				GCC_WARN_UNDECLARED_SELECTOR = YES;
				GCC_WARN_UNINITIALIZED_AUTOS = YES_AGGRESSIVE;
				GCC_WARN_UNUSED_FUNCTION = YES;
				GCC_WARN_UNUSED_VARIABLE = YES;
				LOCALIZATION_PREFERS_STRING_CATALOGS = YES;
				MACOSX_DEPLOYMENT_TARGET = 14.0;
				MTL_ENABLE_DEBUG_INFO = INCLUDE_SOURCE;
				MTL_FAST_MATH = YES;
				ONLY_ACTIVE_ARCH = YES;
				SDKROOT = macosx;
				SWIFT_ACTIVE_COMPILATION_CONDITIONS = "DEBUG $(inherited)";
				SWIFT_OPTIMIZATION_LEVEL = "-Onone";
			};
			name = Debug;
		};
		2B33911C303C94D000B76555 /* Release */ = {
			isa = XCBuildConfiguration;
			buildSettings = {
				ALWAYS_SEARCH_USER_PATHS = NO;
				ASSETCATALOG_COMPILER_GENERATE_SWIFT_ASSET_SYMBOL_EXTENSIONS = YES;
				CLANG_ANALYZER_NONNULL = YES;
				CLANG_ANALYZER_NUMBER_OBJECT_CONVERSION = YES_AGGRESSIVE;
				CLANG_CXX_LANGUAGE_STANDARD = "gnu++20";
				CLANG_ENABLE_MODULES = YES;
				CLANG_ENABLE_OBJC_ARC = YES;
				CLANG_ENABLE_OBJC_WEAK = YES;
				CLANG_WARN_BLOCK_CAPTURE_AUTORELEASING = YES;
				CLANG_WARN_BOOL_CONVERSION = YES;
				CLANG_WARN_COMMA = YES;
				CLANG_WARN_CONSTANT_CONVERSION = YES;
				CLANG_WARN_DEPRECATED_OBJC_IMPLEMENTATIONS = YES;
				CLANG_WARN_DIRECT_OBJC_ISA_USAGE = YES_ERROR;
				CLANG_WARN_DOCUMENTATION_COMMENTS = YES;
				CLANG_WARN_EMPTY_BODY = YES;
				CLANG_WARN_ENUM_CONVERSION = YES;
				CLANG_WARN_INFINITE_RECURSION = YES;
				CLANG_WARN_INT_CONVERSION = YES;
				CLANG_WARN_NON_LITERAL_NULL_CONVERSION = YES;
				CLANG_WARN_OBJC_IMPLICIT_RETAIN_SELF = YES;
				CLANG_WARN_OBJC_LITERAL_CONVERSION = YES;
				CLANG_WARN_OBJC_ROOT_CLASS = YES_ERROR;
				CLANG_WARN_QUOTED_INCLUDE_IN_FRAMEWORK_HEADER = YES;
				CLANG_WARN_RANGE_LOOP_ANALYSIS = YES;
				CLANG_WARN_STRICT_PROTOTYPES = YES;
				CLANG_WARN_SUSPICIOUS_MOVE = YES;
				CLANG_WARN_UNGUARDED_AVAILABILITY = YES_AGGRESSIVE;
				CLANG_WARN_UNREACHABLE_CODE = YES;
				CLANG_WARN__DUPLICATE_METHOD_MATCH = YES;
				COPY_PHASE_STRIP = NO;
				DEBUG_INFORMATION_FORMAT = "dwarf-with-dsym";
				ENABLE_NS_ASSERTIONS = NO;
				ENABLE_STRICT_OBJC_MSGSEND = YES;
				ENABLE_USER_SCRIPT_SANDBOXING = YES;
				GCC_C_LANGUAGE_STANDARD = gnu17;
				GCC_NO_COMMON_BLOCKS = YES;
				GCC_WARN_64_TO_32_BIT_CONVERSION = YES;
				GCC_WARN_ABOUT_RETURN_TYPE = YES_ERROR;
				GCC_WARN_UNDECLARED_SELECTOR = YES;
				GCC_WARN_UNINITIALIZED_AUTOS = YES_AGGRESSIVE;
				GCC_WARN_UNUSED_FUNCTION = YES;
				GCC_WARN_UNUSED_VARIABLE = YES;
				LOCALIZATION_PREFERS_STRING_CATALOGS = YES;
				MACOSX_DEPLOYMENT_TARGET = 14.0;
				MTL_ENABLE_DEBUG_INFO = NO;
				MTL_FAST_MATH = YES;
				SDKROOT = macosx;
				SWIFT_COMPILATION_MODE = wholemodule;
			};
			name = Release;
		};
		2B33911E303C94D000B76555 /* Debug */ = {
			isa = XCBuildConfiguration;
			buildSettings = {
				ASSETCATALOG_COMPILER_APPICON_NAME = AppIcon;
				ASSETCATALOG_COMPILER_GLOBAL_ACCENT_COLOR_NAME = AccentColor;
				CODE_SIGN_IDENTITY = "Aza Development";
				CODE_SIGN_STYLE = Manual;
				COMBINE_HIDPI_IMAGES = YES;
				CURRENT_PROJECT_VERSION = 1;
				ENABLE_APP_SANDBOX = NO;
				ENABLE_PREVIEWS = YES;
				ENABLE_USER_SELECTED_FILES = readonly;
				GENERATE_INFOPLIST_FILE = YES;
				INFOPLIST_KEY_LSUIElement = YES;
				INFOPLIST_KEY_NSHumanReadableCopyright = "";
				INFOPLIST_KEY_NSLocationUsageDescription = "Координаты нужны только чтобы подобрать ближайший город для расписания намаза. Они не сохраняются и не покидают ваш Mac.";
				INFOPLIST_KEY_NSLocationWhenInUseUsageDescription = "Координаты нужны только чтобы подобрать ближайший город для расписания намаза. Они не сохраняются и не покидают ваш Mac.";
				INFOPLIST_KEY_NSMicrophoneUsageDescription = "Aza распознаёт речь локально на вашем Mac: аудио не сохраняется на диск и не покидает компьютер.";
				LD_RUNPATH_SEARCH_PATHS = (
					"$(inherited)",
					"@executable_path/../Frameworks",
				);
				MARKETING_VERSION = 1.0;
				PRODUCT_BUNDLE_IDENTIFIER = com.tmmt.Aza;
				PRODUCT_NAME = "$(TARGET_NAME)";
				REGISTER_APP_GROUPS = YES;
				STRING_CATALOG_GENERATE_SYMBOLS = YES;
				SWIFT_APPROACHABLE_CONCURRENCY = YES;
				SWIFT_DEFAULT_ACTOR_ISOLATION = MainActor;
				SWIFT_EMIT_LOC_STRINGS = YES;
				SWIFT_UPCOMING_FEATURE_MEMBER_IMPORT_VISIBILITY = YES;
				SWIFT_VERSION = 5.0;
			};
			name = Debug;
		};
		2B33911F303C94D000B76555 /* Release */ = {
			isa = XCBuildConfiguration;
			buildSettings = {
				CODE_SIGN_ENTITLEMENTS = "Aza/Aza.entitlements";
				ENABLE_HARDENED_RUNTIME = YES;
				ASSETCATALOG_COMPILER_APPICON_NAME = AppIcon;
				ASSETCATALOG_COMPILER_GLOBAL_ACCENT_COLOR_NAME = AccentColor;
				CODE_SIGN_STYLE = Automatic;
				COMBINE_HIDPI_IMAGES = YES;
				CURRENT_PROJECT_VERSION = 1;
				ENABLE_APP_SANDBOX = NO;
				ENABLE_PREVIEWS = YES;
				ENABLE_USER_SELECTED_FILES = readonly;
				GENERATE_INFOPLIST_FILE = YES;
				INFOPLIST_KEY_LSUIElement = YES;
				INFOPLIST_KEY_NSHumanReadableCopyright = "";
				INFOPLIST_KEY_NSLocationUsageDescription = "Координаты нужны только чтобы подобрать ближайший город для расписания намаза. Они не сохраняются и не покидают ваш Mac.";
				INFOPLIST_KEY_NSLocationWhenInUseUsageDescription = "Координаты нужны только чтобы подобрать ближайший город для расписания намаза. Они не сохраняются и не покидают ваш Mac.";
				INFOPLIST_KEY_NSMicrophoneUsageDescription = "Aza распознаёт речь локально на вашем Mac: аудио не сохраняется на диск и не покидает компьютер.";
				LD_RUNPATH_SEARCH_PATHS = (
					"$(inherited)",
					"@executable_path/../Frameworks",
				);
				MARKETING_VERSION = 1.0;
				PRODUCT_BUNDLE_IDENTIFIER = com.tmmt.Aza;
				PRODUCT_NAME = "$(TARGET_NAME)";
				REGISTER_APP_GROUPS = YES;
				STRING_CATALOG_GENERATE_SYMBOLS = YES;
				SWIFT_APPROACHABLE_CONCURRENCY = YES;
				SWIFT_DEFAULT_ACTOR_ISOLATION = MainActor;
				SWIFT_EMIT_LOC_STRINGS = YES;
				SWIFT_UPCOMING_FEATURE_MEMBER_IMPORT_VISIBILITY = YES;
				SWIFT_VERSION = 5.0;
			};
			name = Release;
		};
		BBBB00000000000000000008 /* Debug */ = {
			isa = XCBuildConfiguration;
			buildSettings = {
				CODE_SIGNING_ALLOWED = NO;
				GENERATE_INFOPLIST_FILE = YES;
				MACOSX_DEPLOYMENT_TARGET = 14.0;
				PRODUCT_BUNDLE_IDENTIFIER = com.tmmt.AzaTests;
				PRODUCT_NAME = "$(TARGET_NAME)";
				SDKROOT = macosx;
				SWIFT_APPROACHABLE_CONCURRENCY = YES;
				SWIFT_DEFAULT_ACTOR_ISOLATION = MainActor;
				SWIFT_VERSION = 5.0;
			};
			name = Debug;
		};
		BBBB00000000000000000009 /* Release */ = {
			isa = XCBuildConfiguration;
			buildSettings = {
				CODE_SIGNING_ALLOWED = NO;
				GENERATE_INFOPLIST_FILE = YES;
				MACOSX_DEPLOYMENT_TARGET = 14.0;
				PRODUCT_BUNDLE_IDENTIFIER = com.tmmt.AzaTests;
				PRODUCT_NAME = "$(TARGET_NAME)";
				SDKROOT = macosx;
				SWIFT_APPROACHABLE_CONCURRENCY = YES;
				SWIFT_DEFAULT_ACTOR_ISOLATION = MainActor;
				SWIFT_VERSION = 5.0;
			};
			name = Release;
		};
/* End XCBuildConfiguration section */

/* Begin XCConfigurationList section */
		2B33910D303C94CF00B76555 /* Build configuration list for PBXProject "Aza" */ = {
			isa = XCConfigurationList;
			buildConfigurations = (
				2B33911B303C94D000B76555 /* Debug */,
				2B33911C303C94D000B76555 /* Release */,
			);
			defaultConfigurationIsVisible = 0;
			defaultConfigurationName = Release;
		};
		2B33911D303C94D000B76555 /* Build configuration list for PBXNativeTarget "Aza" */ = {
			isa = XCConfigurationList;
			buildConfigurations = (
				2B33911E303C94D000B76555 /* Debug */,
				2B33911F303C94D000B76555 /* Release */,
			);
			defaultConfigurationIsVisible = 0;
			defaultConfigurationName = Release;
		};
		BBBB00000000000000000007 /* Build configuration list for PBXNativeTarget "AzaTests" */ = {
			isa = XCConfigurationList;
			buildConfigurations = (
				BBBB00000000000000000008 /* Debug */,
				BBBB00000000000000000009 /* Release */,
			);
			defaultConfigurationIsVisible = 0;
			defaultConfigurationName = Release;
		};
/* End XCConfigurationList section */

/* Begin XCRemoteSwiftPackageReference section */
		ABCD0002000000000000F002 /* XCRemoteSwiftPackageReference "argmax-oss-swift" */ = {
			isa = XCRemoteSwiftPackageReference;
			repositoryURL = "https://github.com/argmaxinc/argmax-oss-swift.git";
			requirement = {
				kind = upToNextMajorVersion;
				minimumVersion = 1.0.0;
			};
		};
		ABCD0005000000000000F005 /* XCRemoteSwiftPackageReference "adhan-swift" */ = {
			isa = XCRemoteSwiftPackageReference;
			repositoryURL = "https://github.com/batoulapps/adhan-swift.git";
			requirement = {
				kind = upToNextMajorVersion;
				minimumVersion = 1.5.0;
			};
		};
/* End XCRemoteSwiftPackageReference section */

/* Begin XCSwiftPackageProductDependency section */
		ABCD0003000000000000F003 /* WhisperKit */ = {
			isa = XCSwiftPackageProductDependency;
			package = ABCD0002000000000000F002 /* XCRemoteSwiftPackageReference "argmax-oss-swift" */;
			productName = WhisperKit;
		};
		ABCD0006000000000000F006 /* Adhan */ = {
			isa = XCSwiftPackageProductDependency;
			package = ABCD0005000000000000F005 /* XCRemoteSwiftPackageReference "adhan-swift" */;
			productName = Adhan;
		};
		BBBB00000000000000000301 /* Adhan */ = {
			isa = XCSwiftPackageProductDependency;
			package = ABCD0005000000000000F005 /* XCRemoteSwiftPackageReference "adhan-swift" */;
			productName = Adhan;
		};
/* End XCSwiftPackageProductDependency section */
	};
	rootObject = 2B33910A303C94CF00B76555 /* Project object */;
}
